
Microsoft Visual Studio Solution File, Format Version 12.00
# Visual Studio 14
VisualStudioVersion = 14.0.25420.1
MinimumVisualStudioVersion = 10.0.40219.1
Project("{8BC9CEB8-8B4A-11D0-8D11-00A0C91BC942}") = "IOUI", "IOUI\IOUI.vcxproj", "{86236AAF-43EF-42CE-BF4B-5A7C558F7121}"
EndProject
Project("{8BC9CEB8-8B4A-11D0-8D11-00A0C91BC942}") = "PCI2312A", "PCI2312A\PCI2312A.vcxproj", "{933B3380-6995-4D19-B35E-FDD35DC62923}"
EndProject
Project("{8BC9CEB8-8B4A-11D0-8D11-00A0C91BC942}") = "PCI8408", "PCI8408\PCI8408.vcxproj", "{A988680F-5784-4FA0-A0AF-E3C9480F59D4}"
EndProject
Project("{8BC9CEB8-8B4A-11D0-8D11-00A0C91BC942}") = "IOUIDebug", "IOUIDebug\IOUIDebug.vcxproj", "{49CB9A54-78DD-4F21-8897-1535EEF91FD5}"
EndProject
Global
	GlobalSection(SolutionConfigurationPlatforms) = preSolution
		Debug|x64 = Debug|x64
		Debug|x86 = Debug|x86
		Release|x64 = Release|x64
		Release|x86 = Release|x86
	EndGlobalSection
	GlobalSection(ProjectConfigurationPlatforms) = postSolution
		{86236AAF-43EF-42CE-BF4B-5A7C558F7121}.Debug|x64.ActiveCfg = Debug|x64
		{86236AAF-43EF-42CE-BF4B-5A7C558F7121}.Debug|x64.Build.0 = Debug|x64
		{86236AAF-43EF-42CE-BF4B-5A7C558F7121}.Debug|x86.ActiveCfg = Debug|Win32
		{86236AAF-43EF-42CE-BF4B-5A7C558F7121}.Debug|x86.Build.0 = Debug|Win32
		{86236AAF-43EF-42CE-BF4B-5A7C558F7121}.Release|x64.ActiveCfg = Release|x64
		{86236AAF-43EF-42CE-BF4B-5A7C558F7121}.Release|x64.Build.0 = Release|x64
		{86236AAF-43EF-42CE-BF4B-5A7C558F7121}.Release|x86.ActiveCfg = Release|Win32
		{86236AAF-43EF-42CE-BF4B-5A7C558F7121}.Release|x86.Build.0 = Release|Win32
		{933B3380-6995-4D19-B35E-FDD35DC62923}.Debug|x64.ActiveCfg = Debug|x64
		{933B3380-6995-4D19-B35E-FDD35DC62923}.Debug|x64.Build.0 = Debug|x64
		{933B3380-6995-4D19-B35E-FDD35DC62923}.Debug|x86.ActiveCfg = Debug|Win32
		{933B3380-6995-4D19-B35E-FDD35DC62923}.Debug|x86.Build.0 = Debug|Win32
		{933B3380-6995-4D19-B35E-FDD35DC62923}.Release|x64.ActiveCfg = Release|x64
		{933B3380-6995-4D19-B35E-FDD35DC62923}.Release|x64.Build.0 = Release|x64
		{933B3380-6995-4D19-B35E-FDD35DC62923}.Release|x86.ActiveCfg = Release|Win32
		{933B3380-6995-4D19-B35E-FDD35DC62923}.Release|x86.Build.0 = Release|Win32
		{A988680F-5784-4FA0-A0AF-E3C9480F59D4}.Debug|x64.ActiveCfg = Debug|x64
		{A988680F-5784-4FA0-A0AF-E3C9480F59D4}.Debug|x64.Build.0 = Debug|x64
		{A988680F-5784-4FA0-A0AF-E3C9480F59D4}.Debug|x86.ActiveCfg = Debug|Win32
		{A988680F-5784-4FA0-A0AF-E3C9480F59D4}.Debug|x86.Build.0 = Debug|Win32
		{A988680F-5784-4FA0-A0AF-E3C9480F59D4}.Release|x64.ActiveCfg = Release|x64
		{A988680F-5784-4FA0-A0AF-E3C9480F59D4}.Release|x64.Build.0 = Release|x64
		{A988680F-5784-4FA0-A0AF-E3C9480F59D4}.Release|x86.ActiveCfg = Release|Win32
		{A988680F-5784-4FA0-A0AF-E3C9480F59D4}.Release|x86.Build.0 = Release|Win32
		{49CB9A54-78DD-4F21-8897-1535EEF91FD5}.Debug|x64.ActiveCfg = Debug|x64
		{49CB9A54-78DD-4F21-8897-1535EEF91FD5}.Debug|x64.Build.0 = Debug|x64
		{49CB9A54-78DD-4F21-8897-1535EEF91FD5}.Debug|x86.ActiveCfg = Debug|Win32
		{49CB9A54-78DD-4F21-8897-1535EEF91FD5}.Debug|x86.Build.0 = Debug|Win32
		{49CB9A54-78DD-4F21-8897-1535EEF91FD5}.Release|x64.ActiveCfg = Release|x64
		{49CB9A54-78DD-4F21-8897-1535EEF91FD5}.Release|x64.Build.0 = Release|x64
		{49CB9A54-78DD-4F21-8897-1535EEF91FD5}.Release|x86.ActiveCfg = Release|Win32
		{49CB9A54-78DD-4F21-8897-1535EEF91FD5}.Release|x86.Build.0 = Release|Win32
	EndGlobalSection
	GlobalSection(SolutionProperties) = preSolution
		HideSolutionNode = FALSE
	EndGlobalSection
EndGlobal
